
Microsoft Visual Studio Solution File, Format Version 12.00
# Visual Studio 2017
Project("{FAE04EC0-301F-11D3-BF4B-00C04F79EFBC}") = "PrivacyGame.Plugins", "PrivacyGame.Plugins.csproj", "{040FD8E7-2473-0551-005D-1DE294FA13F5}"
EndProject
Project("{FAE04EC0-301F-11D3-BF4B-00C04F79EFBC}") = "PrivacyGame", "PrivacyGame.csproj", "{47C36BF2-C5FD-CFCA-45C2-93776B9F4400}"
EndProject
Project("{FAE04EC0-301F-11D3-BF4B-00C04F79EFBC}") = "PrivacyGame.Editor", "PrivacyGame.Editor.csproj", "{9F3DDDE3-B965-E352-25BD-DE5817B167E7}"
EndProject
Global
	GlobalSection(SolutionConfigurationPlatforms) = preSolution
		Debug|Any CPU = Debug|Any CPU
		Release|Any CPU = Release|Any CPU
	EndGlobalSection
	GlobalSection(ProjectConfigurationPlatforms) = postSolution
		{040FD8E7-2473-0551-005D-1DE294FA13F5}.Debug|Any CPU.ActiveCfg = Debug|Any CPU
		{040FD8E7-2473-0551-005D-1DE294FA13F5}.Debug|Any CPU.Build.0 = Debug|Any CPU
		{040FD8E7-2473-0551-005D-1DE294FA13F5}.Release|Any CPU.ActiveCfg = Release|Any CPU
		{040FD8E7-2473-0551-005D-1DE294FA13F5}.Release|Any CPU.Build.0 = Release|Any CPU
		{47C36BF2-C5FD-CFCA-45C2-93776B9F4400}.Debug|Any CPU.ActiveCfg = Debug|Any CPU
		{47C36BF2-C5FD-CFCA-45C2-93776B9F4400}.Debug|Any CPU.Build.0 = Debug|Any CPU
		{47C36BF2-C5FD-CFCA-45C2-93776B9F4400}.Release|Any CPU.ActiveCfg = Release|Any CPU
		{47C36BF2-C5FD-CFCA-45C2-93776B9F4400}.Release|Any CPU.Build.0 = Release|Any CPU
		{9F3DDDE3-B965-E352-25BD-DE5817B167E7}.Debug|Any CPU.ActiveCfg = Debug|Any CPU
		{9F3DDDE3-B965-E352-25BD-DE5817B167E7}.Debug|Any CPU.Build.0 = Debug|Any CPU
		{9F3DDDE3-B965-E352-25BD-DE5817B167E7}.Release|Any CPU.ActiveCfg = Release|Any CPU
		{9F3DDDE3-B965-E352-25BD-DE5817B167E7}.Release|Any CPU.Build.0 = Release|Any CPU
	EndGlobalSection
	GlobalSection(SolutionProperties) = preSolution
		HideSolutionNode = FALSE
	EndGlobalSection
EndGlobal
